
Microsoft Visual Studio Solution File, Format Version 12.00
# Visual Studio Version 16
VisualStudioVersion = 16.0.31005.135
MinimumVisualStudioVersion = 10.0.40219.1
Project("{FAE04EC0-301F-11D3-BF4B-00C04F79EFBC}") = "PepperSearch", "PepperSearch\PepperSearch.csproj", "{781AA0B1-3F14-4BC1-8553-76591D40972C}"
EndProject
Global
	GlobalSection(SolutionConfigurationPlatforms) = preSolution
		Debug|Any CPU = Debug|Any CPU
		Release|Any CPU = Release|Any CPU
	EndGlobalSection
	GlobalSection(ProjectConfigurationPlatforms) = postSolution
		{781AA0B1-3F14-4BC1-8553-76591D40972C}.Debug|Any CPU.ActiveCfg = Debug|Any CPU
		{781AA0B1-3F14-4BC1-8553-76591D40972C}.Debug|Any CPU.Build.0 = Debug|Any CPU
		{781AA0B1-3F14-4BC1-8553-76591D40972C}.Release|Any CPU.ActiveCfg = Release|Any CPU
		{781AA0B1-3F14-4BC1-8553-76591D40972C}.Release|Any CPU.Build.0 = Release|Any CPU
	EndGlobalSection
	GlobalSection(SolutionProperties) = preSolution
		HideSolutionNode = FALSE
	EndGlobalSection
	GlobalSection(ExtensibilityGlobals) = postSolution
		SolutionGuid = {C532710A-D5C1-47B4-B7D2-D6A578A1FA68}
	EndGlobalSection
EndGlobal
